
Microsoft Visual Studio Solution File, Format Version 12.00
Project("{FAE04EC0-301F-11D3-BF4B-00C04F79EFBC}") = "FlexERP.WebApi", "FlexERP.WebApi\FlexERP.WebApi.csproj", "{A9E50B6C-82A9-4B18-AF49-C25516DD9770}"
EndProject
Project("{FAE04EC0-301F-11D3-BF4B-00C04F79EFBC}") = "FlexERP.Orders.UnitTests", "FlexERP.Orders.UnitTests\FlexERP.Orders.UnitTests.csproj", "{12E42999-CDF6-4CFD-9931-573550C4CA35}"
EndProject
Project("{FAE04EC0-301F-11D3-BF4B-00C04F79EFBC}") = "FlexERP.Orders", "FlexERP.Orders\FlexERP.Orders.csproj", "{00C4C3DD-C7D5-402D-94CB-F79BA5C9C83B}"
EndProject
Project("{FAE04EC0-301F-11D3-BF4B-00C04F79EFBC}") = "FlexERP.Customers", "FlexERP.Customers\FlexERP.Customers.csproj", "{57796EFA-272F-4445-BDB9-7DCE8FCE76CF}"
EndProject
Project("{FAE04EC0-301F-11D3-BF4B-00C04F79EFBC}") = "FlexERP.Shared", "FlexERP.Shared\FlexERP.Shared.csproj", "{2BBBE708-EE5B-4EAD-9DE2-CFBD180386B4}"
EndProject
Project("{FAE04EC0-301F-11D3-BF4B-00C04F79EFBC}") = "FlexERP.Data", "FlexERP.Data\FlexERP.Data.csproj", "{F1C9103F-9130-4FFA-B63E-5B3272961C47}"
EndProject
Project("{2150E333-8FDC-42A3-9474-1A3956D46DE8}") = "src", "src", "{90BB9B33-AEEB-439B-B0EA-154E4521150F}"
EndProject
Project("{2150E333-8FDC-42A3-9474-1A3956D46DE8}") = "tests", "tests", "{C9E687BA-0301-431D-8D76-A6AE97C7ACB6}"
EndProject
Project("{FAE04EC0-301F-11D3-BF4B-00C04F79EFBC}") = "FlexERP.Shared.UnitTests", "FlexERP.Shared.UnitTests\FlexERP.Shared.UnitTests.csproj", "{520BA6CE-6D15-49D9-ADE7-1BEAD352C542}"
EndProject
Global
	GlobalSection(SolutionConfigurationPlatforms) = preSolution
		Debug|Any CPU = Debug|Any CPU
		Release|Any CPU = Release|Any CPU
	EndGlobalSection
	GlobalSection(ProjectConfigurationPlatforms) = postSolution
		{A9E50B6C-82A9-4B18-AF49-C25516DD9770}.Debug|Any CPU.ActiveCfg = Debug|Any CPU
		{A9E50B6C-82A9-4B18-AF49-C25516DD9770}.Debug|Any CPU.Build.0 = Debug|Any CPU
		{A9E50B6C-82A9-4B18-AF49-C25516DD9770}.Release|Any CPU.ActiveCfg = Release|Any CPU
		{A9E50B6C-82A9-4B18-AF49-C25516DD9770}.Release|Any CPU.Build.0 = Release|Any CPU
		{12E42999-CDF6-4CFD-9931-573550C4CA35}.Debug|Any CPU.ActiveCfg = Debug|Any CPU
		{12E42999-CDF6-4CFD-9931-573550C4CA35}.Debug|Any CPU.Build.0 = Debug|Any CPU
		{12E42999-CDF6-4CFD-9931-573550C4CA35}.Release|Any CPU.ActiveCfg = Release|Any CPU
		{12E42999-CDF6-4CFD-9931-573550C4CA35}.Release|Any CPU.Build.0 = Release|Any CPU
		{00C4C3DD-C7D5-402D-94CB-F79BA5C9C83B}.Debug|Any CPU.ActiveCfg = Debug|Any CPU
		{00C4C3DD-C7D5-402D-94CB-F79BA5C9C83B}.Debug|Any CPU.Build.0 = Debug|Any CPU
		{00C4C3DD-C7D5-402D-94CB-F79BA5C9C83B}.Release|Any CPU.ActiveCfg = Release|Any CPU
		{00C4C3DD-C7D5-402D-94CB-F79BA5C9C83B}.Release|Any CPU.Build.0 = Release|Any CPU
		{57796EFA-272F-4445-BDB9-7DCE8FCE76CF}.Debug|Any CPU.ActiveCfg = Debug|Any CPU
		{57796EFA-272F-4445-BDB9-7DCE8FCE76CF}.Debug|Any CPU.Build.0 = Debug|Any CPU
		{57796EFA-272F-4445-BDB9-7DCE8FCE76CF}.Release|Any CPU.ActiveCfg = Release|Any CPU
		{57796EFA-272F-4445-BDB9-7DCE8FCE76CF}.Release|Any CPU.Build.0 = Release|Any CPU
		{2BBBE708-EE5B-4EAD-9DE2-CFBD180386B4}.Debug|Any CPU.ActiveCfg = Debug|Any CPU
		{2BBBE708-EE5B-4EAD-9DE2-CFBD180386B4}.Debug|Any CPU.Build.0 = Debug|Any CPU
		{2BBBE708-EE5B-4EAD-9DE2-CFBD180386B4}.Release|Any CPU.ActiveCfg = Release|Any CPU
		{2BBBE708-EE5B-4EAD-9DE2-CFBD180386B4}.Release|Any CPU.Build.0 = Release|Any CPU
		{F1C9103F-9130-4FFA-B63E-5B3272961C47}.Debug|Any CPU.ActiveCfg = Debug|Any CPU
		{F1C9103F-9130-4FFA-B63E-5B3272961C47}.Debug|Any CPU.Build.0 = Debug|Any CPU
		{F1C9103F-9130-4FFA-B63E-5B3272961C47}.Release|Any CPU.ActiveCfg = Release|Any CPU
		{F1C9103F-9130-4FFA-B63E-5B3272961C47}.Release|Any CPU.Build.0 = Release|Any CPU
		{520BA6CE-6D15-49D9-ADE7-1BEAD352C542}.Debug|Any CPU.ActiveCfg = Debug|Any CPU
		{520BA6CE-6D15-49D9-ADE7-1BEAD352C542}.Debug|Any CPU.Build.0 = Debug|Any CPU
		{520BA6CE-6D15-49D9-ADE7-1BEAD352C542}.Release|Any CPU.ActiveCfg = Release|Any CPU
		{520BA6CE-6D15-49D9-ADE7-1BEAD352C542}.Release|Any CPU.Build.0 = Release|Any CPU
	EndGlobalSection
	GlobalSection(NestedProjects) = preSolution
		{57796EFA-272F-4445-BDB9-7DCE8FCE76CF} = {90BB9B33-AEEB-439B-B0EA-154E4521150F}
		{F1C9103F-9130-4FFA-B63E-5B3272961C47} = {90BB9B33-AEEB-439B-B0EA-154E4521150F}
		{00C4C3DD-C7D5-402D-94CB-F79BA5C9C83B} = {90BB9B33-AEEB-439B-B0EA-154E4521150F}
		{2BBBE708-EE5B-4EAD-9DE2-CFBD180386B4} = {90BB9B33-AEEB-439B-B0EA-154E4521150F}
		{A9E50B6C-82A9-4B18-AF49-C25516DD9770} = {90BB9B33-AEEB-439B-B0EA-154E4521150F}
		{12E42999-CDF6-4CFD-9931-573550C4CA35} = {C9E687BA-0301-431D-8D76-A6AE97C7ACB6}
		{520BA6CE-6D15-49D9-ADE7-1BEAD352C542} = {C9E687BA-0301-431D-8D76-A6AE97C7ACB6}
	EndGlobalSection
EndGlobal
